// !$*UTF8*$!
{
	archiveVersion = 1;
	classes = {
	};
	objectVersion = 46;
	objects = {

/* Begin PBXBuildFile section */
		531D85251DB75D2100798EAE /* GPUBayes.cpp in Sources */ = {isa = PBXBuildFile; fileRef = 531D85231DB75D2100798EAE /* GPUBayes.cpp */; };
		53CC7C081DAFB98000BE2986 /* main.m in Sources */ = {isa = PBXBuildFile; fileRef = 53CC7C071DAFB98000BE2986 /* main.m */; };
		53CC7C0B1DAFB98000BE2986 /* AppDelegate.mm in Sources */ = {isa = PBXBuildFile; fileRef = 53CC7C0A1DAFB98000BE2986 /* AppDelegate.mm */; };
		53CC7C0E1DAFB98000BE2986 /* ViewController.mm in Sources */ = {isa = PBXBuildFile; fileRef = 53CC7C0D1DAFB98000BE2986 /* ViewController.mm */; };
		53CC7C111DAFB98000BE2986 /* Main.storyboard in Resources */ = {isa = PBXBuildFile; fileRef = 53CC7C0F1DAFB98000BE2986 /* Main.storyboard */; };
		53CC7C131DAFB98000BE2986 /* Assets.xcassets in Resources */ = {isa = PBXBuildFile; fileRef = 53CC7C121DAFB98000BE2986 /* Assets.xcassets */; };
		53CC7C161DAFB98000BE2986 /* LaunchScreen.storyboard in Resources */ = {isa = PBXBuildFile; fileRef = 53CC7C141DAFB98000BE2986 /* LaunchScreen.storyboard */; };
		53CC7C211DAFB98000BE2986 /* MindReaderDemo2Tests.m in Sources */ = {isa = PBXBuildFile; fileRef = 53CC7C201DAFB98000BE2986 /* MindReaderDemo2Tests.m */; };
		53CC7C2F1DAFB98E00BE2986 /* AssetsLibrary.framework in Frameworks */ = {isa = PBXBuildFile; fileRef = 53CC7C2E1DAFB98E00BE2986 /* AssetsLibrary.framework */; };
		53CC7C331DAFBD0800BE2986 /* Accelerate.framework in Frameworks */ = {isa = PBXBuildFile; fileRef = 53CC7C321DAFBD0800BE2986 /* Accelerate.framework */; };
		53CC7C351DAFBD2600BE2986 /* opencv2.framework in Frameworks */ = {isa = PBXBuildFile; fileRef = 53CC7C341DAFBD2600BE2986 /* opencv2.framework */; };
		53D598FF1DAFC8EE00F8530F /* Bayes.cpp in Sources */ = {isa = PBXBuildFile; fileRef = 53D598FD1DAFC8EE00F8530F /* Bayes.cpp */; };
		53D599021DB639E200F8530F /* BayesDemoTest.mm in Sources */ = {isa = PBXBuildFile; fileRef = 53D599011DB639E200F8530F /* BayesDemoTest.mm */; };
		53D599031DB63ABA00F8530F /* ViewController.mm in Sources */ = {isa = PBXBuildFile; fileRef = 53CC7C0D1DAFB98000BE2986 /* ViewController.mm */; };
		53D599041DB63B3A00F8530F /* AssetsLibrary.framework in Frameworks */ = {isa = PBXBuildFile; fileRef = 53CC7C2E1DAFB98E00BE2986 /* AssetsLibrary.framework */; };
		53D599051DB63B3E00F8530F /* Accelerate.framework in Frameworks */ = {isa = PBXBuildFile; fileRef = 53CC7C321DAFBD0800BE2986 /* Accelerate.framework */; };
		53D599061DB63B4300F8530F /* opencv2.framework in Frameworks */ = {isa = PBXBuildFile; fileRef = 53CC7C341DAFBD2600BE2986 /* opencv2.framework */; };
/* End PBXBuildFile section */

/* Begin PBXContainerItemProxy section */
		53CC7C1D1DAFB98000BE2986 /* PBXContainerItemProxy */ = {
			isa = PBXContainerItemProxy;
			containerPortal = 53CC7BFB1DAFB98000BE2986 /* Project object */;
			proxyType = 1;
			remoteGlobalIDString = 53CC7C021DAFB98000BE2986;
			remoteInfo = MindReaderDemo2;
		};
/* End PBXContainerItemProxy section */

/* Begin PBXFileReference section */
		531D85231DB75D2100798EAE /* GPUBayes.cpp */ = {isa = PBXFileReference; fileEncoding = 4; lastKnownFileType = sourcecode.cpp.cpp; path = GPUBayes.cpp; sourceTree = "<group>"; };
		531D85241DB75D2100798EAE /* GPUBayes.hpp */ = {isa = PBXFileReference; fileEncoding = 4; lastKnownFileType = sourcecode.cpp.h; path = GPUBayes.hpp; sourceTree = "<group>"; };
		53CC7C031DAFB98000BE2986 /* MindReaderDemo2.app */ = {isa = PBXFileReference; explicitFileType = wrapper.application; includeInIndex = 0; path = MindReaderDemo2.app; sourceTree = BUILT_PRODUCTS_DIR; };
		53CC7C071DAFB98000BE2986 /* main.m */ = {isa = PBXFileReference; lastKnownFileType = sourcecode.c.objc; path = main.m; sourceTree = "<group>"; };
		53CC7C091DAFB98000BE2986 /* AppDelegate.h */ = {isa = PBXFileReference; lastKnownFileType = sourcecode.c.h; path = AppDelegate.h; sourceTree = "<group>"; };
		53CC7C0A1DAFB98000BE2986 /* AppDelegate.mm */ = {isa = PBXFileReference; lastKnownFileType = sourcecode.cpp.objcpp; path = AppDelegate.mm; sourceTree = "<group>"; };
		53CC7C0C1DAFB98000BE2986 /* ViewController.h */ = {isa = PBXFileReference; lastKnownFileType = sourcecode.c.h; path = ViewController.h; sourceTree = "<group>"; };
		53CC7C0D1DAFB98000BE2986 /* ViewController.mm */ = {isa = PBXFileReference; lastKnownFileType = sourcecode.cpp.objcpp; path = ViewController.mm; sourceTree = "<group>"; };
		53CC7C101DAFB98000BE2986 /* Base */ = {isa = PBXFileReference; lastKnownFileType = file.storyboard; name = Base; path = Base.lproj/Main.storyboard; sourceTree = "<group>"; };
		53CC7C121DAFB98000BE2986 /* Assets.xcassets */ = {isa = PBXFileReference; lastKnownFileType = folder.assetcatalog; path = Assets.xcassets; sourceTree = "<group>"; };
		53CC7C151DAFB98000BE2986 /* Base */ = {isa = PBXFileReference; lastKnownFileType = file.storyboard; name = Base; path = Base.lproj/LaunchScreen.storyboard; sourceTree = "<group>"; };
		53CC7C171DAFB98000BE2986 /* Info.plist */ = {isa = PBXFileReference; lastKnownFileType = text.plist.xml; path = Info.plist; sourceTree = "<group>"; };
		53CC7C1C1DAFB98000BE2986 /* MindReaderDemo2Tests.xctest */ = {isa = PBXFileReference; explicitFileType = wrapper.cfbundle; includeInIndex = 0; path = MindReaderDemo2Tests.xctest; sourceTree = BUILT_PRODUCTS_DIR; };
		53CC7C201DAFB98000BE2986 /* MindReaderDemo2Tests.m */ = {isa = PBXFileReference; lastKnownFileType = sourcecode.c.objc; path = MindReaderDemo2Tests.m; sourceTree = "<group>"; };
		53CC7C221DAFB98000BE2986 /* Info.plist */ = {isa = PBXFileReference; lastKnownFileType = text.plist.xml; path = Info.plist; sourceTree = "<group>"; };
		53CC7C2E1DAFB98E00BE2986 /* AssetsLibrary.framework */ = {isa = PBXFileReference; lastKnownFileType = wrapper.framework; name = AssetsLibrary.framework; path = System/Library/Frameworks/AssetsLibrary.framework; sourceTree = SDKROOT; };
		53CC7C311DAFBAD100BE2986 /* PrefixHeader.pch */ = {isa = PBXFileReference; lastKnownFileType = sourcecode.c.h; path = PrefixHeader.pch; sourceTree = "<group>"; };
		53CC7C321DAFBD0800BE2986 /* Accelerate.framework */ = {isa = PBXFileReference; lastKnownFileType = wrapper.framework; name = Accelerate.framework; path = System/Library/Frameworks/Accelerate.framework; sourceTree = SDKROOT; };
		53CC7C341DAFBD2600BE2986 /* opencv2.framework */ = {isa = PBXFileReference; lastKnownFileType = wrapper.framework; path = opencv2.framework; sourceTree = "<group>"; };
		53D598FD1DAFC8EE00F8530F /* Bayes.cpp */ = {isa = PBXFileReference; fileEncoding = 4; lastKnownFileType = sourcecode.cpp.cpp; path = Bayes.cpp; sourceTree = "<group>"; };
		53D599001DAFCDC100F8530F /* Bayes.h */ = {isa = PBXFileReference; explicitFileType = sourcecode.c.h; path = Bayes.h; sourceTree = "<group>"; };
		53D599011DB639E200F8530F /* BayesDemoTest.mm */ = {isa = PBXFileReference; fileEncoding = 4; lastKnownFileType = sourcecode.cpp.objcpp; path = BayesDemoTest.mm; sourceTree = "<group>"; };
/* End PBXFileReference section */

/* Begin PBXFrameworksBuildPhase section */
		53CC7C001DAFB98000BE2986 /* Frameworks */ = {
			isa = PBXFrameworksBuildPhase;
			buildActionMask = 2147483647;
			files = (
				53CC7C351DAFBD2600BE2986 /* opencv2.framework in Frameworks */,
				53CC7C331DAFBD0800BE2986 /* Accelerate.framework in Frameworks */,
				53CC7C2F1DAFB98E00BE2986 /* AssetsLibrary.framework in Frameworks */,
			);
			runOnlyForDeploymentPostprocessing = 0;
		};
		53CC7C191DAFB98000BE2986 /* Frameworks */ = {
			isa = PBXFrameworksBuildPhase;
			buildActionMask = 2147483647;
			files = (
				53D599061DB63B4300F8530F /* opencv2.framework in Frameworks */,
				53D599051DB63B3E00F8530F /* Accelerate.framework in Frameworks */,
				53D599041DB63B3A00F8530F /* AssetsLibrary.framework in Frameworks */,
			);
			runOnlyForDeploymentPostprocessing = 0;
		};
/* End PBXFrameworksBuildPhase section */

/* Begin PBXGroup section */
		53CC7BFA1DAFB98000BE2986 = {
			isa = PBXGroup;
			children = (
				53CC7C051DAFB98000BE2986 /* MindReaderDemo2 */,
				53CC7C1F1DAFB98000BE2986 /* MindReaderDemo2Tests */,
				53CC7C041DAFB98000BE2986 /* Products */,
				53CC7C2B1DAFB98800BE2986 /* Frameworks */,
			);
			sourceTree = "<group>";
		};
		53CC7C041DAFB98000BE2986 /* Products */ = {
			isa = PBXGroup;
			children = (
				53CC7C031DAFB98000BE2986 /* MindReaderDemo2.app */,
				53CC7C1C1DAFB98000BE2986 /* MindReaderDemo2Tests.xctest */,
			);
			name = Products;
			sourceTree = "<group>";
		};
		53CC7C051DAFB98000BE2986 /* MindReaderDemo2 */ = {
			isa = PBXGroup;
			children = (
				53CC7C091DAFB98000BE2986 /* AppDelegate.h */,
				53CC7C0A1DAFB98000BE2986 /* AppDelegate.mm */,
				53CC7C0C1DAFB98000BE2986 /* ViewController.h */,
				53CC7C0D1DAFB98000BE2986 /* ViewController.mm */,
				53D599001DAFCDC100F8530F /* Bayes.h */,
				53D598FD1DAFC8EE00F8530F /* Bayes.cpp */,
				531D85241DB75D2100798EAE /* GPUBayes.hpp */,
				531D85231DB75D2100798EAE /* GPUBayes.cpp */,
				53CC7C0F1DAFB98000BE2986 /* Main.storyboard */,
				53CC7C121DAFB98000BE2986 /* Assets.xcassets */,
				53CC7C141DAFB98000BE2986 /* LaunchScreen.storyboard */,
				53CC7C171DAFB98000BE2986 /* Info.plist */,
				53CC7C311DAFBAD100BE2986 /* PrefixHeader.pch */,
				53CC7C061DAFB98000BE2986 /* Supporting Files */,
			);
			path = MindReaderDemo2;
			sourceTree = "<group>";
		};
		53CC7C061DAFB98000BE2986 /* Supporting Files */ = {
			isa = PBXGroup;
			children = (
				53CC7C071DAFB98000BE2986 /* main.m */,
			);
			name = "Supporting Files";
			sourceTree = "<group>";
		};
		53CC7C1F1DAFB98000BE2986 /* MindReaderDemo2Tests */ = {
			isa = PBXGroup;
			children = (
				53CC7C201DAFB98000BE2986 /* MindReaderDemo2Tests.m */,
				53CC7C221DAFB98000BE2986 /* Info.plist */,
				53D599011DB639E200F8530F /* BayesDemoTest.mm */,
			);
			path = MindReaderDemo2Tests;
			sourceTree = "<group>";
		};
		53CC7C2B1DAFB98800BE2986 /* Frameworks */ = {
			isa = PBXGroup;
			children = (
				53CC7C341DAFBD2600BE2986 /* opencv2.framework */,
				53CC7C321DAFBD0800BE2986 /* Accelerate.framework */,
				53CC7C2E1DAFB98E00BE2986 /* AssetsLibrary.framework */,
			);
			name = Frameworks;
			sourceTree = "<group>";
		};
/* End PBXGroup section */

/* Begin PBXNativeTarget section */
		53CC7C021DAFB98000BE2986 /* MindReaderDemo2 */ = {
			isa = PBXNativeTarget;
			buildConfigurationList = 53CC7C251DAFB98000BE2986 /* Build configuration list for PBXNativeTarget "MindReaderDemo2" */;
			buildPhases = (
				53CC7BFF1DAFB98000BE2986 /* Sources */,
				53CC7C001DAFB98000BE2986 /* Frameworks */,
				53CC7C011DAFB98000BE2986 /* Resources */,
			);
			buildRules = (
			);
			dependencies = (
			);
			name = MindReaderDemo2;
			productName = MindReaderDemo2;
			productReference = 53CC7C031DAFB98000BE2986 /* MindReaderDemo2.app */;
			productType = "com.apple.product-type.application";
		};
		53CC7C1B1DAFB98000BE2986 /* MindReaderDemo2Tests */ = {
			isa = PBXNativeTarget;
			buildConfigurationList = 53CC7C281DAFB98000BE2986 /* Build configuration list for PBXNativeTarget "MindReaderDemo2Tests" */;
			buildPhases = (
				53CC7C181DAFB98000BE2986 /* Sources */,
				53CC7C191DAFB98000BE2986 /* Frameworks */,
				53CC7C1A1DAFB98000BE2986 /* Resources */,
			);
			buildRules = (
			);
			dependencies = (
				53CC7C1E1DAFB98000BE2986 /* PBXTargetDependency */,
			);
			name = MindReaderDemo2Tests;
			productName = MindReaderDemo2Tests;
			productReference = 53CC7C1C1DAFB98000BE2986 /* MindReaderDemo2Tests.xctest */;
			productType = "com.apple.product-type.bundle.unit-test";
		};
/* End PBXNativeTarget section */

/* Begin PBXProject section */
		53CC7BFB1DAFB98000BE2986 /* Project object */ = {
			isa = PBXProject;
			attributes = {
				LastUpgradeCheck = 0800;
				ORGANIZATIONNAME = MaagaardApps;
				TargetAttributes = {
					53CC7C021DAFB98000BE2986 = {
						CreatedOnToolsVersion = 8.0;
						DevelopmentTeam = RP6YHWR66A;
						ProvisioningStyle = Automatic;
					};
					53CC7C1B1DAFB98000BE2986 = {
						CreatedOnToolsVersion = 8.0;
						ProvisioningStyle = Automatic;
						TestTargetID = 53CC7C021DAFB98000BE2986;
					};
				};
			};
			buildConfigurationList = 53CC7BFE1DAFB98000BE2986 /* Build configuration list for PBXProject "MindReaderDemo2" */;
			compatibilityVersion = "Xcode 3.2";
			developmentRegion = English;
			hasScannedForEncodings = 0;
			knownRegions = (
				en,
				Base,
			);
			mainGroup = 53CC7BFA1DAFB98000BE2986;
			productRefGroup = 53CC7C041DAFB98000BE2986 /* Products */;
			projectDirPath = "";
			projectRoot = "";
			targets = (
				53CC7C021DAFB98000BE2986 /* MindReaderDemo2 */,
				53CC7C1B1DAFB98000BE2986 /* MindReaderDemo2Tests */,
			);
		};
/* End PBXProject section */

/* Begin PBXResourcesBuildPhase section */
		53CC7C011DAFB98000BE2986 /* Resources */ = {
			isa = PBXResourcesBuildPhase;
			buildActionMask = 2147483647;
			files = (
				53CC7C161DAFB98000BE2986 /* LaunchScreen.storyboard in Resources */,
				53CC7C131DAFB98000BE2986 /* Assets.xcassets in Resources */,
				53CC7C111DAFB98000BE2986 /* Main.storyboard in Resources */,
			);
			runOnlyForDeploymentPostprocessing = 0;
		};
		53CC7C1A1DAFB98000BE2986 /* Resources */ = {
			isa = PBXResourcesBuildPhase;
			buildActionMask = 2147483647;
			files = (
			);
			runOnlyForDeploymentPostprocessing = 0;
		};
/* End PBXResourcesBuildPhase section */

/* Begin PBXSourcesBuildPhase section */
		53CC7BFF1DAFB98000BE2986 /* Sources */ = {
			isa = PBXSourcesBuildPhase;
			buildActionMask = 2147483647;
			files = (
				531D85251DB75D2100798EAE /* GPUBayes.cpp in Sources */,
				53D598FF1DAFC8EE00F8530F /* Bayes.cpp in Sources */,
				53CC7C0E1DAFB98000BE2986 /* ViewController.mm in Sources */,
				53CC7C0B1DAFB98000BE2986 /* AppDelegate.mm in Sources */,
				53CC7C081DAFB98000BE2986 /* main.m in Sources */,
			);
			runOnlyForDeploymentPostprocessing = 0;
		};
		53CC7C181DAFB98000BE2986 /* Sources */ = {
			isa = PBXSourcesBuildPhase;
			buildActionMask = 2147483647;
			files = (
				53CC7C211DAFB98000BE2986 /* MindReaderDemo2Tests.m in Sources */,
				53D599021DB639E200F8530F /* BayesDemoTest.mm in Sources */,
				53D599031DB63ABA00F8530F /* ViewController.mm in Sources */,
			);
			runOnlyForDeploymentPostprocessing = 0;
		};
/* End PBXSourcesBuildPhase section */

/* Begin PBXTargetDependency section */
		53CC7C1E1DAFB98000BE2986 /* PBXTargetDependency */ = {
			isa = PBXTargetDependency;
			target = 53CC7C021DAFB98000BE2986 /* MindReaderDemo2 */;
			targetProxy = 53CC7C1D1DAFB98000BE2986 /* PBXContainerItemProxy */;
		};
/* End PBXTargetDependency section */

/* Begin PBXVariantGroup section */
		53CC7C0F1DAFB98000BE2986 /* Main.storyboard */ = {
			isa = PBXVariantGroup;
			children = (
				53CC7C101DAFB98000BE2986 /* Base */,
			);
			name = Main.storyboard;
			sourceTree = "<group>";
		};
		53CC7C141DAFB98000BE2986 /* LaunchScreen.storyboard */ = {
			isa = PBXVariantGroup;
			children = (
				53CC7C151DAFB98000BE2986 /* Base */,
			);
			name = LaunchScreen.storyboard;
			sourceTree = "<group>";
		};
/* End PBXVariantGroup section */

/* Begin XCBuildConfiguration section */
		53CC7C231DAFB98000BE2986 /* Debug */ = {
			isa = XCBuildConfiguration;
			buildSettings = {
				ALWAYS_SEARCH_USER_PATHS = NO;
				CLANG_ANALYZER_NONNULL = YES;
				CLANG_CXX_LANGUAGE_STANDARD = "gnu++0x";
				CLANG_CXX_LIBRARY = "libc++";
				CLANG_ENABLE_MODULES = YES;
				CLANG_ENABLE_OBJC_ARC = YES;
				CLANG_WARN_BOOL_CONVERSION = YES;
				CLANG_WARN_CONSTANT_CONVERSION = YES;
				CLANG_WARN_DIRECT_OBJC_ISA_USAGE = YES_ERROR;
				CLANG_WARN_DOCUMENTATION_COMMENTS = YES;
				CLANG_WARN_EMPTY_BODY = YES;
				CLANG_WARN_ENUM_CONVERSION = YES;
				CLANG_WARN_INFINITE_RECURSION = YES;
				CLANG_WARN_INT_CONVERSION = YES;
				CLANG_WARN_OBJC_ROOT_CLASS = YES_ERROR;
				CLANG_WARN_SUSPICIOUS_MOVES = YES;
				CLANG_WARN_UNREACHABLE_CODE = YES;
				CLANG_WARN__DUPLICATE_METHOD_MATCH = YES;
				"CODE_SIGN_IDENTITY[sdk=iphoneos*]" = "iPhone Developer";
				COPY_PHASE_STRIP = NO;
				DEBUG_INFORMATION_FORMAT = dwarf;
				ENABLE_STRICT_OBJC_MSGSEND = YES;
				ENABLE_TESTABILITY = YES;
				GCC_C_LANGUAGE_STANDARD = gnu99;
				GCC_DYNAMIC_NO_PIC = NO;
				GCC_NO_COMMON_BLOCKS = YES;
				GCC_OPTIMIZATION_LEVEL = 0;
				GCC_PREPROCESSOR_DEFINITIONS = (
					"DEBUG=1",
					"$(inherited)",
				);
				GCC_WARN_64_TO_32_BIT_CONVERSION = YES;
				GCC_WARN_ABOUT_RETURN_TYPE = YES_ERROR;
				GCC_WARN_UNDECLARED_SELECTOR = YES;
				GCC_WARN_UNINITIALIZED_AUTOS = YES_AGGRESSIVE;
				GCC_WARN_UNUSED_FUNCTION = YES;
				GCC_WARN_UNUSED_VARIABLE = YES;
				IPHONEOS_DEPLOYMENT_TARGET = 10.0;
				MTL_ENABLE_DEBUG_INFO = YES;
				ONLY_ACTIVE_ARCH = YES;
				SDKROOT = iphoneos;
				TARGETED_DEVICE_FAMILY = "1,2";
			};
			name = Debug;
		};
		53CC7C241DAFB98000BE2986 /* Release */ = {
			isa = XCBuildConfiguration;
			buildSettings = {
				ALWAYS_SEARCH_USER_PATHS = NO;
				CLANG_ANALYZER_NONNULL = YES;
				CLANG_CXX_LANGUAGE_STANDARD = "gnu++0x";
				CLANG_CXX_LIBRARY = "libc++";
				CLANG_ENABLE_MODULES = YES;
				CLANG_ENABLE_OBJC_ARC = YES;
				CLANG_WARN_BOOL_CONVERSION = YES;
				CLANG_WARN_CONSTANT_CONVERSION = YES;
				CLANG_WARN_DIRECT_OBJC_ISA_USAGE = YES_ERROR;
				CLANG_WARN_DOCUMENTATION_COMMENTS = YES;
				CLANG_WARN_EMPTY_BODY = YES;
				CLANG_WARN_ENUM_CONVERSION = YES;
				CLANG_WARN_INFINITE_RECURSION = YES;
				CLANG_WARN_INT_CONVERSION = YES;
				CLANG_WARN_OBJC_ROOT_CLASS = YES_ERROR;
				CLANG_WARN_SUSPICIOUS_MOVES = YES;
				CLANG_WARN_UNREACHABLE_CODE = YES;
				CLANG_WARN__DUPLICATE_METHOD_MATCH = YES;
				"CODE_SIGN_IDENTITY[sdk=iphoneos*]" = "iPhone Developer";
				COPY_PHASE_STRIP = NO;
				DEBUG_INFORMATION_FORMAT = "dwarf-with-dsym";
				ENABLE_NS_ASSERTIONS = NO;
				ENABLE_STRICT_OBJC_MSGSEND = YES;
				GCC_C_LANGUAGE_STANDARD = gnu99;
				GCC_NO_COMMON_BLOCKS = YES;
				GCC_WARN_64_TO_32_BIT_CONVERSION = YES;
				GCC_WARN_ABOUT_RETURN_TYPE = YES_ERROR;
				GCC_WARN_UNDECLARED_SELECTOR = YES;
				GCC_WARN_UNINITIALIZED_AUTOS = YES_AGGRESSIVE;
				GCC_WARN_UNUSED_FUNCTION = YES;
				GCC_WARN_UNUSED_VARIABLE = YES;
				IPHONEOS_DEPLOYMENT_TARGET = 10.0;
				MTL_ENABLE_DEBUG_INFO = NO;
				SDKROOT = iphoneos;
				TARGETED_DEVICE_FAMILY = "1,2";
				VALIDATE_PRODUCT = YES;
			};
			name = Release;
		};
		53CC7C261DAFB98000BE2986 /* Debug */ = {
			isa = XCBuildConfiguration;
			buildSettings = {
				ASSETCATALOG_COMPILER_APPICON_NAME = AppIcon;
				DEVELOPMENT_TEAM = RP6YHWR66A;
				FRAMEWORK_SEARCH_PATHS = (
					"$(inherited)",
					"$(PROJECT_DIR)",
				);
				GCC_PRECOMPILE_PREFIX_HEADER = YES;
				GCC_PREFIX_HEADER = "$(PROJECT_DIR)/MindReaderDemo2/PrefixHeader.pch";
				INFOPLIST_FILE = MindReaderDemo2/Info.plist;
				LD_RUNPATH_SEARCH_PATHS = "$(inherited) @executable_path/Frameworks";
				OTHER_LDFLAGS = "";
				PRODUCT_BUNDLE_IDENTIFIER = com.maagaardapps.MindReaderDemo2;
				PRODUCT_NAME = "$(TARGET_NAME)";
			};
			name = Debug;
		};
		53CC7C271DAFB98000BE2986 /* Release */ = {
			isa = XCBuildConfiguration;
			buildSettings = {
				ASSETCATALOG_COMPILER_APPICON_NAME = AppIcon;
				DEVELOPMENT_TEAM = RP6YHWR66A;
				FRAMEWORK_SEARCH_PATHS = (
					"$(inherited)",
					"$(PROJECT_DIR)",
				);
				GCC_PRECOMPILE_PREFIX_HEADER = YES;
				GCC_PREFIX_HEADER = "$(PROJECT_DIR)/MindReaderDemo2/PrefixHeader.pch";
				INFOPLIST_FILE = MindReaderDemo2/Info.plist;
				LD_RUNPATH_SEARCH_PATHS = "$(inherited) @executable_path/Frameworks";
				OTHER_LDFLAGS = "";
				PRODUCT_BUNDLE_IDENTIFIER = com.maagaardapps.MindReaderDemo2;
				PRODUCT_NAME = "$(TARGET_NAME)";
			};
			name = Release;
		};
		53CC7C291DAFB98000BE2986 /* Debug */ = {
			isa = XCBuildConfiguration;
			buildSettings = {
				BUNDLE_LOADER = "$(TEST_HOST)";
				FRAMEWORK_SEARCH_PATHS = (
					"$(inherited)",
					"$(PROJECT_DIR)",
				);
				GCC_PRECOMPILE_PREFIX_HEADER = YES;
				GCC_PREFIX_HEADER = "$(PROJECT_DIR)/MindReaderDemo2/PrefixHeader.pch";
				INFOPLIST_FILE = MindReaderDemo2Tests/Info.plist;
				LD_RUNPATH_SEARCH_PATHS = "$(inherited) @executable_path/Frameworks @loader_path/Frameworks";
				PRODUCT_BUNDLE_IDENTIFIER = com.maagaardapps.MindReaderDemo2Tests;
				PRODUCT_NAME = "$(TARGET_NAME)";
				TEST_HOST = "$(BUILT_PRODUCTS_DIR)/MindReaderDemo2.app/MindReaderDemo2";
			};
			name = Debug;
		};
		53CC7C2A1DAFB98000BE2986 /* Release */ = {
			isa = XCBuildConfiguration;
			buildSettings = {
				BUNDLE_LOADER = "$(TEST_HOST)";
				FRAMEWORK_SEARCH_PATHS = (
					"$(inherited)",
					"$(PROJECT_DIR)",
				);
				GCC_PRECOMPILE_PREFIX_HEADER = YES;
				GCC_PREFIX_HEADER = "$(PROJECT_DIR)/MindReaderDemo2/PrefixHeader.pch";
				INFOPLIST_FILE = MindReaderDemo2Tests/Info.plist;
				LD_RUNPATH_SEARCH_PATHS = "$(inherited) @executable_path/Frameworks @loader_path/Frameworks";
				PRODUCT_BUNDLE_IDENTIFIER = com.maagaardapps.MindReaderDemo2Tests;
				PRODUCT_NAME = "$(TARGET_NAME)";
				TEST_HOST = "$(BUILT_PRODUCTS_DIR)/MindReaderDemo2.app/MindReaderDemo2";
			};
			name = Release;
		};
/* End XCBuildConfiguration section */

/* Begin XCConfigurationList section */
		53CC7BFE1DAFB98000BE2986 /* Build configuration list for PBXProject "MindReaderDemo2" */ = {
			isa = XCConfigurationList;
			buildConfigurations = (
				53CC7C231DAFB98000BE2986 /* Debug */,
				53CC7C241DAFB98000BE2986 /* Release */,
			);
			defaultConfigurationIsVisible = 0;
			defaultConfigurationName = Release;
		};
		53CC7C251DAFB98000BE2986 /* Build configuration list for PBXNativeTarget "MindReaderDemo2" */ = {
			isa = XCConfigurationList;
			buildConfigurations = (
				53CC7C261DAFB98000BE2986 /* Debug */,
				53CC7C271DAFB98000BE2986 /* Release */,
			);
			defaultConfigurationIsVisible = 0;
			defaultConfigurationName = Release;
		};
		53CC7C281DAFB98000BE2986 /* Build configuration list for PBXNativeTarget "MindReaderDemo2Tests" */ = {
			isa = XCConfigurationList;
			buildConfigurations = (
				53CC7C291DAFB98000BE2986 /* Debug */,
				53CC7C2A1DAFB98000BE2986 /* Release */,
			);
			defaultConfigurationIsVisible = 0;
			defaultConfigurationName = Release;
		};
/* End XCConfigurationList section */
	};
	rootObject = 53CC7BFB1DAFB98000BE2986 /* Project object */;
}
